
Microsoft Visual Studio Solution File, Format Version 12.00
# Visual Studio Version 17
VisualStudioVersion = 17.8.34330.188
MinimumVisualStudioVersion = 10.0.40219.1
Project("{FAE04EC0-301F-11D3-BF4B-00C04F79EFBC}") = "TicketApp", "TicketApp\TicketApp.csproj", "{952D94F4-6BDF-4686-8938-2729836BDC0B}"
EndProject
Global
	GlobalSection(SolutionConfigurationPlatforms) = preSolution
		Debug|Any CPU = Debug|Any CPU
		Release|Any CPU = Release|Any CPU
	EndGlobalSection
	GlobalSection(ProjectConfigurationPlatforms) = postSolution
		{952D94F4-6BDF-4686-8938-2729836BDC0B}.Debug|Any CPU.ActiveCfg = Debug|Any CPU
		{952D94F4-6BDF-4686-8938-2729836BDC0B}.Debug|Any CPU.Build.0 = Debug|Any CPU
		{952D94F4-6BDF-4686-8938-2729836BDC0B}.Release|Any CPU.ActiveCfg = Release|Any CPU
		{952D94F4-6BDF-4686-8938-2729836BDC0B}.Release|Any CPU.Build.0 = Release|Any CPU
	EndGlobalSection
	GlobalSection(SolutionProperties) = preSolution
		HideSolutionNode = FALSE
	EndGlobalSection
	GlobalSection(ExtensibilityGlobals) = postSolution
		SolutionGuid = {65641EDB-4F9E-45F3-8697-BB654D4BA5DE}
	EndGlobalSection
EndGlobal
